github.com/ahmetb/go-linq v3.0.0+incompatible h1:qQkjjOXKrKOTy83X8OpRmnKflXKQIL/mC/gMVVDMhOA=
github.com/ahmetb/go-linq v3.0.0+incompatible/go.mod h1:PFffvbdbtw+QTB0WKRP0cNht7vnCfnGlEpak/DVg5cY=
github.com/ahmetb/go-linq/v3 v3.1.0 h1:E/eoLrVELxU42gINTWgbj+jK2Z+wXJqt0wsk1NTu4h8=
github.com/ahmetb/go-linq/v3 v3.1.0/go.mod h1:haQ3JfOeWK8HpVxMtHHEMPVgBKiYyQ+f1/kLZh/cj9U=
github.com/gorilla/mux v1.7.4 h1:VuZ8uybHlWmqV03+zRzdwKL4tUnIp1MAQtp1mIFE1bc=
github.com/gorilla/mux v1.7.4/go.mod h1:DVbg23sWSpFRCP0SfiEN6jmj59UnW/n46BH5rLB71So=
github.com/lib/pq v1.8.0 h1:9xohqzkUwzR4Ga4ivdTcawVS89YSDVxXMa3xJX3cGzg=
github.com/lib/pq v1.8.0/go.mod h1:AlVN5x4E4T544tWzH6hKfbfQvm3HdbOxrmggDNAPY9o=
