github.com/ahmetb/go-linq v3.0.0+incompatible h1:qQkjjOXKrKOTy83X8OpRmnKflXKQIL/mC/gMVVDMhOA=
github.com/ahmetb/go-linq v3.0.0+incompatible/go.mod h1:PFffvbdbtw+QTB0WKRP0cNht7vnCfnGlEpak/DVg5cY=
github.com/ahmetb/go-linq/v3 v3.1.0 h1:E/eoLrVELxU42gINTWgbj+jK2Z+wXJqt0wsk1NTu4h8=
github.com/ahmetb/go-linq/v3 v3.1.0/go.mod h1:haQ3JfOeWK8HpVxMtHHEMPVgBKiYyQ+f1/kLZh/cj9U=
